// !$*UTF8*$!
{
	archiveVersion = 1;
	classes = {
	};
	objectVersion = 50;
	objects = {

/* Begin PBXBuildFile section */
		048B0C81228ECDC600791E0C /* AppDelegate.swift in Sources */ = {isa = PBXBuildFile; fileRef = 048B0C80228ECDC600791E0C /* AppDelegate.swift */; };
		048B0C83228ECDC600791E0C /* ViewController.swift in Sources */ = {isa = PBXBuildFile; fileRef = 048B0C82228ECDC600791E0C /* ViewController.swift */; };
		048B0C86228ECDC600791E0C /* Main.storyboard in Resources */ = {isa = PBXBuildFile; fileRef = 048B0C84228ECDC600791E0C /* Main.storyboard */; };
		048B0C88228ECDC700791E0C /* Assets.xcassets in Resources */ = {isa = PBXBuildFile; fileRef = 048B0C87228ECDC700791E0C /* Assets.xcassets */; };
		048B0C8B228ECDC700791E0C /* LaunchScreen.storyboard in Resources */ = {isa = PBXBuildFile; fileRef = 048B0C89228ECDC700791E0C /* LaunchScreen.storyboard */; };
		048B0C96228ECDC700791E0C /* WatchMoviesInMVPTests.swift in Sources */ = {isa = PBXBuildFile; fileRef = 048B0C95228ECDC700791E0C /* WatchMoviesInMVPTests.swift */; };
		048B0CA1228ECDC700791E0C /* WatchMoviesInMVPUITests.swift in Sources */ = {isa = PBXBuildFile; fileRef = 048B0CA0228ECDC700791E0C /* WatchMoviesInMVPUITests.swift */; };
		048B0CAF228ECF8300791E0C /* Model.swift in Sources */ = {isa = PBXBuildFile; fileRef = 048B0CAE228ECF8300791E0C /* Model.swift */; };
		048B0CB1228ED26D00791E0C /* Presenter.swift in Sources */ = {isa = PBXBuildFile; fileRef = 048B0CB0228ED26D00791E0C /* Presenter.swift */; };
		048B0CB3228EDCB800791E0C /* DataService.swift in Sources */ = {isa = PBXBuildFile; fileRef = 048B0CB2228EDCB800791E0C /* DataService.swift */; };
/* End PBXBuildFile section */

/* Begin PBXContainerItemProxy section */
		048B0C92228ECDC700791E0C /* PBXContainerItemProxy */ = {
			isa = PBXContainerItemProxy;
			containerPortal = 048B0C75228ECDC600791E0C /* Project object */;
			proxyType = 1;
			remoteGlobalIDString = 048B0C7C228ECDC600791E0C;
			remoteInfo = WatchMoviesInMVP;
		};
		048B0C9D228ECDC700791E0C /* PBXContainerItemProxy */ = {
			isa = PBXContainerItemProxy;
			containerPortal = 048B0C75228ECDC600791E0C /* Project object */;
			proxyType = 1;
			remoteGlobalIDString = 048B0C7C228ECDC600791E0C;
			remoteInfo = WatchMoviesInMVP;
		};
/* End PBXContainerItemProxy section */

/* Begin PBXFileReference section */
		048B0C7D228ECDC600791E0C /* WatchMoviesInMVP.app */ = {isa = PBXFileReference; explicitFileType = wrapper.application; includeInIndex = 0; path = WatchMoviesInMVP.app; sourceTree = BUILT_PRODUCTS_DIR; };
		048B0C80228ECDC600791E0C /* AppDelegate.swift */ = {isa = PBXFileReference; lastKnownFileType = sourcecode.swift; path = AppDelegate.swift; sourceTree = "<group>"; };
		048B0C82228ECDC600791E0C /* ViewController.swift */ = {isa = PBXFileReference; lastKnownFileType = sourcecode.swift; path = ViewController.swift; sourceTree = "<group>"; };
		048B0C85228ECDC600791E0C /* Base */ = {isa = PBXFileReference; lastKnownFileType = file.storyboard; name = Base; path = Base.lproj/Main.storyboard; sourceTree = "<group>"; };
		048B0C87228ECDC700791E0C /* Assets.xcassets */ = {isa = PBXFileReference; lastKnownFileType = folder.assetcatalog; path = Assets.xcassets; sourceTree = "<group>"; };
		048B0C8A228ECDC700791E0C /* Base */ = {isa = PBXFileReference; lastKnownFileType = file.storyboard; name = Base; path = Base.lproj/LaunchScreen.storyboard; sourceTree = "<group>"; };
		048B0C8C228ECDC700791E0C /* Info.plist */ = {isa = PBXFileReference; lastKnownFileType = text.plist.xml; path = Info.plist; sourceTree = "<group>"; };
		048B0C91228ECDC700791E0C /* WatchMoviesInMVPTests.xctest */ = {isa = PBXFileReference; explicitFileType = wrapper.cfbundle; includeInIndex = 0; path = WatchMoviesInMVPTests.xctest; sourceTree = BUILT_PRODUCTS_DIR; };
		048B0C95228ECDC700791E0C /* WatchMoviesInMVPTests.swift */ = {isa = PBXFileReference; lastKnownFileType = sourcecode.swift; path = WatchMoviesInMVPTests.swift; sourceTree = "<group>"; };
		048B0C97228ECDC700791E0C /* Info.plist */ = {isa = PBXFileReference; lastKnownFileType = text.plist.xml; path = Info.plist; sourceTree = "<group>"; };
		048B0C9C228ECDC700791E0C /* WatchMoviesInMVPUITests.xctest */ = {isa = PBXFileReference; explicitFileType = wrapper.cfbundle; includeInIndex = 0; path = WatchMoviesInMVPUITests.xctest; sourceTree = BUILT_PRODUCTS_DIR; };
		048B0CA0228ECDC700791E0C /* WatchMoviesInMVPUITests.swift */ = {isa = PBXFileReference; lastKnownFileType = sourcecode.swift; path = WatchMoviesInMVPUITests.swift; sourceTree = "<group>"; };
		048B0CA2228ECDC700791E0C /* Info.plist */ = {isa = PBXFileReference; lastKnownFileType = text.plist.xml; path = Info.plist; sourceTree = "<group>"; };
		048B0CAE228ECF8300791E0C /* Model.swift */ = {isa = PBXFileReference; lastKnownFileType = sourcecode.swift; path = Model.swift; sourceTree = "<group>"; };
		048B0CB0228ED26D00791E0C /* Presenter.swift */ = {isa = PBXFileReference; lastKnownFileType = sourcecode.swift; path = Presenter.swift; sourceTree = "<group>"; };
		048B0CB2228EDCB800791E0C /* DataService.swift */ = {isa = PBXFileReference; lastKnownFileType = sourcecode.swift; path = DataService.swift; sourceTree = "<group>"; };
/* End PBXFileReference section */

/* Begin PBXFrameworksBuildPhase section */
		048B0C7A228ECDC600791E0C /* Frameworks */ = {
			isa = PBXFrameworksBuildPhase;
			buildActionMask = 2147483647;
			files = (
			);
			runOnlyForDeploymentPostprocessing = 0;
		};
		048B0C8E228ECDC700791E0C /* Frameworks */ = {
			isa = PBXFrameworksBuildPhase;
			buildActionMask = 2147483647;
			files = (
			);
			runOnlyForDeploymentPostprocessing = 0;
		};
		048B0C99228ECDC700791E0C /* Frameworks */ = {
			isa = PBXFrameworksBuildPhase;
			buildActionMask = 2147483647;
			files = (
			);
			runOnlyForDeploymentPostprocessing = 0;
		};
/* End PBXFrameworksBuildPhase section */

/* Begin PBXGroup section */
		048B0C74228ECDC600791E0C = {
			isa = PBXGroup;
			children = (
				048B0C7F228ECDC600791E0C /* WatchMoviesInMVP */,
				048B0C94228ECDC700791E0C /* WatchMoviesInMVPTests */,
				048B0C9F228ECDC700791E0C /* WatchMoviesInMVPUITests */,
				048B0C7E228ECDC600791E0C /* Products */,
			);
			sourceTree = "<group>";
		};
		048B0C7E228ECDC600791E0C /* Products */ = {
			isa = PBXGroup;
			children = (
				048B0C7D228ECDC600791E0C /* WatchMoviesInMVP.app */,
				048B0C91228ECDC700791E0C /* WatchMoviesInMVPTests.xctest */,
				048B0C9C228ECDC700791E0C /* WatchMoviesInMVPUITests.xctest */,
			);
			name = Products;
			sourceTree = "<group>";
		};
		048B0C7F228ECDC600791E0C /* WatchMoviesInMVP */ = {
			isa = PBXGroup;
			children = (
				048B0C80228ECDC600791E0C /* AppDelegate.swift */,
				048B0CB2228EDCB800791E0C /* DataService.swift */,
				048B0CAE228ECF8300791E0C /* Model.swift */,
				048B0CB0228ED26D00791E0C /* Presenter.swift */,
				048B0C82228ECDC600791E0C /* ViewController.swift */,
				048B0C84228ECDC600791E0C /* Main.storyboard */,
				048B0C87228ECDC700791E0C /* Assets.xcassets */,
				048B0C89228ECDC700791E0C /* LaunchScreen.storyboard */,
				048B0C8C228ECDC700791E0C /* Info.plist */,
			);
			path = WatchMoviesInMVP;
			sourceTree = "<group>";
		};
		048B0C94228ECDC700791E0C /* WatchMoviesInMVPTests */ = {
			isa = PBXGroup;
			children = (
				048B0C95228ECDC700791E0C /* WatchMoviesInMVPTests.swift */,
				048B0C97228ECDC700791E0C /* Info.plist */,
			);
			path = WatchMoviesInMVPTests;
			sourceTree = "<group>";
		};
		048B0C9F228ECDC700791E0C /* WatchMoviesInMVPUITests */ = {
			isa = PBXGroup;
			children = (
				048B0CA0228ECDC700791E0C /* WatchMoviesInMVPUITests.swift */,
				048B0CA2228ECDC700791E0C /* Info.plist */,
			);
			path = WatchMoviesInMVPUITests;
			sourceTree = "<group>";
		};
/* End PBXGroup section */

/* Begin PBXNativeTarget section */
		048B0C7C228ECDC600791E0C /* WatchMoviesInMVP */ = {
			isa = PBXNativeTarget;
			buildConfigurationList = 048B0CA5228ECDC700791E0C /* Build configuration list for PBXNativeTarget "WatchMoviesInMVP" */;
			buildPhases = (
				048B0C79228ECDC600791E0C /* Sources */,
				048B0C7A228ECDC600791E0C /* Frameworks */,
				048B0C7B228ECDC600791E0C /* Resources */,
			);
			buildRules = (
			);
			dependencies = (
			);
			name = WatchMoviesInMVP;
			productName = WatchMoviesInMVP;
			productReference = 048B0C7D228ECDC600791E0C /* WatchMoviesInMVP.app */;
			productType = "com.apple.product-type.application";
		};
		048B0C90228ECDC700791E0C /* WatchMoviesInMVPTests */ = {
			isa = PBXNativeTarget;
			buildConfigurationList = 048B0CA8228ECDC700791E0C /* Build configuration list for PBXNativeTarget "WatchMoviesInMVPTests" */;
			buildPhases = (
				048B0C8D228ECDC700791E0C /* Sources */,
				048B0C8E228ECDC700791E0C /* Frameworks */,
				048B0C8F228ECDC700791E0C /* Resources */,
			);
			buildRules = (
			);
			dependencies = (
				048B0C93228ECDC700791E0C /* PBXTargetDependency */,
			);
			name = WatchMoviesInMVPTests;
			productName = WatchMoviesInMVPTests;
			productReference = 048B0C91228ECDC700791E0C /* WatchMoviesInMVPTests.xctest */;
			productType = "com.apple.product-type.bundle.unit-test";
		};
		048B0C9B228ECDC700791E0C /* WatchMoviesInMVPUITests */ = {
			isa = PBXNativeTarget;
			buildConfigurationList = 048B0CAB228ECDC700791E0C /* Build configuration list for PBXNativeTarget "WatchMoviesInMVPUITests" */;
			buildPhases = (
				048B0C98228ECDC700791E0C /* Sources */,
				048B0C99228ECDC700791E0C /* Frameworks */,
				048B0C9A228ECDC700791E0C /* Resources */,
			);
			buildRules = (
			);
			dependencies = (
				048B0C9E228ECDC700791E0C /* PBXTargetDependency */,
			);
			name = WatchMoviesInMVPUITests;
			productName = WatchMoviesInMVPUITests;
			productReference = 048B0C9C228ECDC700791E0C /* WatchMoviesInMVPUITests.xctest */;
			productType = "com.apple.product-type.bundle.ui-testing";
		};
/* End PBXNativeTarget section */

/* Begin PBXProject section */
		048B0C75228ECDC600791E0C /* Project object */ = {
			isa = PBXProject;
			attributes = {
				LastSwiftUpdateCheck = 1020;
				LastUpgradeCheck = 1020;
				ORGANIZATIONNAME = Vaayoo;
				TargetAttributes = {
					048B0C7C228ECDC600791E0C = {
						CreatedOnToolsVersion = 10.2.1;
					};
					048B0C90228ECDC700791E0C = {
						CreatedOnToolsVersion = 10.2.1;
						TestTargetID = 048B0C7C228ECDC600791E0C;
					};
					048B0C9B228ECDC700791E0C = {
						CreatedOnToolsVersion = 10.2.1;
						TestTargetID = 048B0C7C228ECDC600791E0C;
					};
				};
			};
			buildConfigurationList = 048B0C78228ECDC600791E0C /* Build configuration list for PBXProject "WatchMoviesInMVP" */;
			compatibilityVersion = "Xcode 9.3";
			developmentRegion = en;
			hasScannedForEncodings = 0;
			knownRegions = (
				en,
				Base,
			);
			mainGroup = 048B0C74228ECDC600791E0C;
			productRefGroup = 048B0C7E228ECDC600791E0C /* Products */;
			projectDirPath = "";
			projectRoot = "";
			targets = (
				048B0C7C228ECDC600791E0C /* WatchMoviesInMVP */,
				048B0C90228ECDC700791E0C /* WatchMoviesInMVPTests */,
				048B0C9B228ECDC700791E0C /* WatchMoviesInMVPUITests */,
			);
		};
/* End PBXProject section */

/* Begin PBXResourcesBuildPhase section */
		048B0C7B228ECDC600791E0C /* Resources */ = {
			isa = PBXResourcesBuildPhase;
			buildActionMask = 2147483647;
			files = (
				048B0C8B228ECDC700791E0C /* LaunchScreen.storyboard in Resources */,
				048B0C88228ECDC700791E0C /* Assets.xcassets in Resources */,
				048B0C86228ECDC600791E0C /* Main.storyboard in Resources */,
			);
			runOnlyForDeploymentPostprocessing = 0;
		};
		048B0C8F228ECDC700791E0C /* Resources */ = {
			isa = PBXResourcesBuildPhase;
			buildActionMask = 2147483647;
			files = (
			);
			runOnlyForDeploymentPostprocessing = 0;
		};
		048B0C9A228ECDC700791E0C /* Resources */ = {
			isa = PBXResourcesBuildPhase;
			buildActionMask = 2147483647;
			files = (
			);
			runOnlyForDeploymentPostprocessing = 0;
		};
/* End PBXResourcesBuildPhase section */

/* Begin PBXSourcesBuildPhase section */
		048B0C79228ECDC600791E0C /* Sources */ = {
			isa = PBXSourcesBuildPhase;
			buildActionMask = 2147483647;
			files = (
				048B0CAF228ECF8300791E0C /* Model.swift in Sources */,
				048B0C83228ECDC600791E0C /* ViewController.swift in Sources */,
				048B0CB1228ED26D00791E0C /* Presenter.swift in Sources */,
				048B0C81228ECDC600791E0C /* AppDelegate.swift in Sources */,
				048B0CB3228EDCB800791E0C /* DataService.swift in Sources */,
			);
			runOnlyForDeploymentPostprocessing = 0;
		};
		048B0C8D228ECDC700791E0C /* Sources */ = {
			isa = PBXSourcesBuildPhase;
			buildActionMask = 2147483647;
			files = (
				048B0C96228ECDC700791E0C /* WatchMoviesInMVPTests.swift in Sources */,
			);
			runOnlyForDeploymentPostprocessing = 0;
		};
		048B0C98228ECDC700791E0C /* Sources */ = {
			isa = PBXSourcesBuildPhase;
			buildActionMask = 2147483647;
			files = (
				048B0CA1228ECDC700791E0C /* WatchMoviesInMVPUITests.swift in Sources */,
			);
			runOnlyForDeploymentPostprocessing = 0;
		};
/* End PBXSourcesBuildPhase section */

/* Begin PBXTargetDependency section */
		048B0C93228ECDC700791E0C /* PBXTargetDependency */ = {
			isa = PBXTargetDependency;
			target = 048B0C7C228ECDC600791E0C /* WatchMoviesInMVP */;
			targetProxy = 048B0C92228ECDC700791E0C /* PBXContainerItemProxy */;
		};
		048B0C9E228ECDC700791E0C /* PBXTargetDependency */ = {
			isa = PBXTargetDependency;
			target = 048B0C7C228ECDC600791E0C /* WatchMoviesInMVP */;
			targetProxy = 048B0C9D228ECDC700791E0C /* PBXContainerItemProxy */;
		};
/* End PBXTargetDependency section */

/* Begin PBXVariantGroup section */
		048B0C84228ECDC600791E0C /* Main.storyboard */ = {
			isa = PBXVariantGroup;
			children = (
				048B0C85228ECDC600791E0C /* Base */,
			);
			name = Main.storyboard;
			sourceTree = "<group>";
		};
		048B0C89228ECDC700791E0C /* LaunchScreen.storyboard */ = {
			isa = PBXVariantGroup;
			children = (
				048B0C8A228ECDC700791E0C /* Base */,
			);
			name = LaunchScreen.storyboard;
			sourceTree = "<group>";
		};
/* End PBXVariantGroup section */

/* Begin XCBuildConfiguration section */
		048B0CA3228ECDC700791E0C /* Debug */ = {
			isa = XCBuildConfiguration;
			buildSettings = {
				ALWAYS_SEARCH_USER_PATHS = NO;
				CLANG_ANALYZER_NONNULL = YES;
				CLANG_ANALYZER_NUMBER_OBJECT_CONVERSION = YES_AGGRESSIVE;
				CLANG_CXX_LANGUAGE_STANDARD = "gnu++14";
				CLANG_CXX_LIBRARY = "libc++";
				CLANG_ENABLE_MODULES = YES;
				CLANG_ENABLE_OBJC_ARC = YES;
				CLANG_ENABLE_OBJC_WEAK = YES;
				CLANG_WARN_BLOCK_CAPTURE_AUTORELEASING = YES;
				CLANG_WARN_BOOL_CONVERSION = YES;
				CLANG_WARN_COMMA = YES;
				CLANG_WARN_CONSTANT_CONVERSION = YES;
				CLANG_WARN_DEPRECATED_OBJC_IMPLEMENTATIONS = YES;
				CLANG_WARN_DIRECT_OBJC_ISA_USAGE = YES_ERROR;
				CLANG_WARN_DOCUMENTATION_COMMENTS = YES;
				CLANG_WARN_EMPTY_BODY = YES;
				CLANG_WARN_ENUM_CONVERSION = YES;
				CLANG_WARN_INFINITE_RECURSION = YES;
				CLANG_WARN_INT_CONVERSION = YES;
				CLANG_WARN_NON_LITERAL_NULL_CONVERSION = YES;
				CLANG_WARN_OBJC_IMPLICIT_RETAIN_SELF = YES;
				CLANG_WARN_OBJC_LITERAL_CONVERSION = YES;
				CLANG_WARN_OBJC_ROOT_CLASS = YES_ERROR;
				CLANG_WARN_RANGE_LOOP_ANALYSIS = YES;
				CLANG_WARN_STRICT_PROTOTYPES = YES;
				CLANG_WARN_SUSPICIOUS_MOVE = YES;
				CLANG_WARN_UNGUARDED_AVAILABILITY = YES_AGGRESSIVE;
				CLANG_WARN_UNREACHABLE_CODE = YES;
				CLANG_WARN__DUPLICATE_METHOD_MATCH = YES;
				CODE_SIGN_IDENTITY = "iPhone Developer";
				COPY_PHASE_STRIP = NO;
				DEBUG_INFORMATION_FORMAT = dwarf;
				ENABLE_STRICT_OBJC_MSGSEND = YES;
				ENABLE_TESTABILITY = YES;
				GCC_C_LANGUAGE_STANDARD = gnu11;
				GCC_DYNAMIC_NO_PIC = NO;
				GCC_NO_COMMON_BLOCKS = YES;
				GCC_OPTIMIZATION_LEVEL = 0;
				GCC_PREPROCESSOR_DEFINITIONS = (
					"DEBUG=1",
					"$(inherited)",
				);
				GCC_WARN_64_TO_32_BIT_CONVERSION = YES;
				GCC_WARN_ABOUT_RETURN_TYPE = YES_ERROR;
				GCC_WARN_UNDECLARED_SELECTOR = YES;
				GCC_WARN_UNINITIALIZED_AUTOS = YES_AGGRESSIVE;
				GCC_WARN_UNUSED_FUNCTION = YES;
				GCC_WARN_UNUSED_VARIABLE = YES;
				IPHONEOS_DEPLOYMENT_TARGET = 12.2;
				MTL_ENABLE_DEBUG_INFO = INCLUDE_SOURCE;
				MTL_FAST_MATH = YES;
				ONLY_ACTIVE_ARCH = YES;
				SDKROOT = iphoneos;
				SWIFT_ACTIVE_COMPILATION_CONDITIONS = DEBUG;
				SWIFT_OPTIMIZATION_LEVEL = "-Onone";
			};
			name = Debug;
		};
		048B0CA4228ECDC700791E0C /* Release */ = {
			isa = XCBuildConfiguration;
			buildSettings = {
				ALWAYS_SEARCH_USER_PATHS = NO;
				CLANG_ANALYZER_NONNULL = YES;
				CLANG_ANALYZER_NUMBER_OBJECT_CONVERSION = YES_AGGRESSIVE;
				CLANG_CXX_LANGUAGE_STANDARD = "gnu++14";
				CLANG_CXX_LIBRARY = "libc++";
				CLANG_ENABLE_MODULES = YES;
				CLANG_ENABLE_OBJC_ARC = YES;
				CLANG_ENABLE_OBJC_WEAK = YES;
				CLANG_WARN_BLOCK_CAPTURE_AUTORELEASING = YES;
				CLANG_WARN_BOOL_CONVERSION = YES;
				CLANG_WARN_COMMA = YES;
				CLANG_WARN_CONSTANT_CONVERSION = YES;
				CLANG_WARN_DEPRECATED_OBJC_IMPLEMENTATIONS = YES;
				CLANG_WARN_DIRECT_OBJC_ISA_USAGE = YES_ERROR;
				CLANG_WARN_DOCUMENTATION_COMMENTS = YES;
				CLANG_WARN_EMPTY_BODY = YES;
				CLANG_WARN_ENUM_CONVERSION = YES;
				CLANG_WARN_INFINITE_RECURSION = YES;
				CLANG_WARN_INT_CONVERSION = YES;
				CLANG_WARN_NON_LITERAL_NULL_CONVERSION = YES;
				CLANG_WARN_OBJC_IMPLICIT_RETAIN_SELF = YES;
				CLANG_WARN_OBJC_LITERAL_CONVERSION = YES;
				CLANG_WARN_OBJC_ROOT_CLASS = YES_ERROR;
				CLANG_WARN_RANGE_LOOP_ANALYSIS = YES;
				CLANG_WARN_STRICT_PROTOTYPES = YES;
				CLANG_WARN_SUSPICIOUS_MOVE = YES;
				CLANG_WARN_UNGUARDED_AVAILABILITY = YES_AGGRESSIVE;
				CLANG_WARN_UNREACHABLE_CODE = YES;
				CLANG_WARN__DUPLICATE_METHOD_MATCH = YES;
				CODE_SIGN_IDENTITY = "iPhone Developer";
				COPY_PHASE_STRIP = NO;
				DEBUG_INFORMATION_FORMAT = "dwarf-with-dsym";
				ENABLE_NS_ASSERTIONS = NO;
				ENABLE_STRICT_OBJC_MSGSEND = YES;
				GCC_C_LANGUAGE_STANDARD = gnu11;
				GCC_NO_COMMON_BLOCKS = YES;
				GCC_WARN_64_TO_32_BIT_CONVERSION = YES;
				GCC_WARN_ABOUT_RETURN_TYPE = YES_ERROR;
				GCC_WARN_UNDECLARED_SELECTOR = YES;
				GCC_WARN_UNINITIALIZED_AUTOS = YES_AGGRESSIVE;
				GCC_WARN_UNUSED_FUNCTION = YES;
				GCC_WARN_UNUSED_VARIABLE = YES;
				IPHONEOS_DEPLOYMENT_TARGET = 12.2;
				MTL_ENABLE_DEBUG_INFO = NO;
				MTL_FAST_MATH = YES;
				SDKROOT = iphoneos;
				SWIFT_COMPILATION_MODE = wholemodule;
				SWIFT_OPTIMIZATION_LEVEL = "-O";
				VALIDATE_PRODUCT = YES;
			};
			name = Release;
		};
		048B0CA6228ECDC700791E0C /* Debug */ = {
			isa = XCBuildConfiguration;
			buildSettings = {
				ASSETCATALOG_COMPILER_APPICON_NAME = AppIcon;
				CODE_SIGN_STYLE = Automatic;
				DEVELOPMENT_TEAM = Q43MV2Y52R;
				INFOPLIST_FILE = WatchMoviesInMVP/Info.plist;
				LD_RUNPATH_SEARCH_PATHS = (
					"$(inherited)",
					"@executable_path/Frameworks",
				);
				PRODUCT_BUNDLE_IDENTIFIER = Vaayoo.WatchMoviesInMVP;
				PRODUCT_NAME = "$(TARGET_NAME)";
				SWIFT_VERSION = 5.0;
				TARGETED_DEVICE_FAMILY = "1,2";
			};
			name = Debug;
		};
		048B0CA7228ECDC700791E0C /* Release */ = {
			isa = XCBuildConfiguration;
			buildSettings = {
				ASSETCATALOG_COMPILER_APPICON_NAME = AppIcon;
				CODE_SIGN_STYLE = Automatic;
				DEVELOPMENT_TEAM = Q43MV2Y52R;
				INFOPLIST_FILE = WatchMoviesInMVP/Info.plist;
				LD_RUNPATH_SEARCH_PATHS = (
					"$(inherited)",
					"@executable_path/Frameworks",
				);
				PRODUCT_BUNDLE_IDENTIFIER = Vaayoo.WatchMoviesInMVP;
				PRODUCT_NAME = "$(TARGET_NAME)";
				SWIFT_VERSION = 5.0;
				TARGETED_DEVICE_FAMILY = "1,2";
			};
			name = Release;
		};
		048B0CA9228ECDC700791E0C /* Debug */ = {
			isa = XCBuildConfiguration;
			buildSettings = {
				ALWAYS_EMBED_SWIFT_STANDARD_LIBRARIES = YES;
				BUNDLE_LOADER = "$(TEST_HOST)";
				CODE_SIGN_STYLE = Automatic;
				DEVELOPMENT_TEAM = Q43MV2Y52R;
				INFOPLIST_FILE = WatchMoviesInMVPTests/Info.plist;
				LD_RUNPATH_SEARCH_PATHS = (
					"$(inherited)",
					"@executable_path/Frameworks",
					"@loader_path/Frameworks",
				);
				PRODUCT_BUNDLE_IDENTIFIER = Vaayoo.WatchMoviesInMVPTests;
				PRODUCT_NAME = "$(TARGET_NAME)";
				SWIFT_VERSION = 5.0;
				TARGETED_DEVICE_FAMILY = "1,2";
				TEST_HOST = "$(BUILT_PRODUCTS_DIR)/WatchMoviesInMVP.app/WatchMoviesInMVP";
			};
			name = Debug;
		};
		048B0CAA228ECDC700791E0C /* Release */ = {
			isa = XCBuildConfiguration;
			buildSettings = {
				ALWAYS_EMBED_SWIFT_STANDARD_LIBRARIES = YES;
				BUNDLE_LOADER = "$(TEST_HOST)";
				CODE_SIGN_STYLE = Automatic;
				DEVELOPMENT_TEAM = Q43MV2Y52R;
				INFOPLIST_FILE = WatchMoviesInMVPTests/Info.plist;
				LD_RUNPATH_SEARCH_PATHS = (
					"$(inherited)",
					"@executable_path/Frameworks",
					"@loader_path/Frameworks",
				);
				PRODUCT_BUNDLE_IDENTIFIER = Vaayoo.WatchMoviesInMVPTests;
				PRODUCT_NAME = "$(TARGET_NAME)";
				SWIFT_VERSION = 5.0;
				TARGETED_DEVICE_FAMILY = "1,2";
				TEST_HOST = "$(BUILT_PRODUCTS_DIR)/WatchMoviesInMVP.app/WatchMoviesInMVP";
			};
			name = Release;
		};
		048B0CAC228ECDC700791E0C /* Debug */ = {
			isa = XCBuildConfiguration;
			buildSettings = {
				ALWAYS_EMBED_SWIFT_STANDARD_LIBRARIES = YES;
				CODE_SIGN_STYLE = Automatic;
				DEVELOPMENT_TEAM = Q43MV2Y52R;
				INFOPLIST_FILE = WatchMoviesInMVPUITests/Info.plist;
				LD_RUNPATH_SEARCH_PATHS = (
					"$(inherited)",
					"@executable_path/Frameworks",
					"@loader_path/Frameworks",
				);
				PRODUCT_BUNDLE_IDENTIFIER = Vaayoo.WatchMoviesInMVPUITests;
				PRODUCT_NAME = "$(TARGET_NAME)";
				SWIFT_VERSION = 5.0;
				TARGETED_DEVICE_FAMILY = "1,2";
				TEST_TARGET_NAME = WatchMoviesInMVP;
			};
			name = Debug;
		};
		048B0CAD228ECDC700791E0C /* Release */ = {
			isa = XCBuildConfiguration;
			buildSettings = {
				ALWAYS_EMBED_SWIFT_STANDARD_LIBRARIES = YES;
				CODE_SIGN_STYLE = Automatic;
				DEVELOPMENT_TEAM = Q43MV2Y52R;
				INFOPLIST_FILE = WatchMoviesInMVPUITests/Info.plist;
				LD_RUNPATH_SEARCH_PATHS = (
					"$(inherited)",
					"@executable_path/Frameworks",
					"@loader_path/Frameworks",
				);
				PRODUCT_BUNDLE_IDENTIFIER = Vaayoo.WatchMoviesInMVPUITests;
				PRODUCT_NAME = "$(TARGET_NAME)";
				SWIFT_VERSION = 5.0;
				TARGETED_DEVICE_FAMILY = "1,2";
				TEST_TARGET_NAME = WatchMoviesInMVP;
			};
			name = Release;
		};
/* End XCBuildConfiguration section */

/* Begin XCConfigurationList section */
		048B0C78228ECDC600791E0C /* Build configuration list for PBXProject "WatchMoviesInMVP" */ = {
			isa = XCConfigurationList;
			buildConfigurations = (
				048B0CA3228ECDC700791E0C /* Debug */,
				048B0CA4228ECDC700791E0C /* Release */,
			);
			defaultConfigurationIsVisible = 0;
			defaultConfigurationName = Release;
		};
		048B0CA5228ECDC700791E0C /* Build configuration list for PBXNativeTarget "WatchMoviesInMVP" */ = {
			isa = XCConfigurationList;
			buildConfigurations = (
				048B0CA6228ECDC700791E0C /* Debug */,
				048B0CA7228ECDC700791E0C /* Release */,
			);
			defaultConfigurationIsVisible = 0;
			defaultConfigurationName = Release;
		};
		048B0CA8228ECDC700791E0C /* Build configuration list for PBXNativeTarget "WatchMoviesInMVPTests" */ = {
			isa = XCConfigurationList;
			buildConfigurations = (
				048B0CA9228ECDC700791E0C /* Debug */,
				048B0CAA228ECDC700791E0C /* Release */,
			);
			defaultConfigurationIsVisible = 0;
			defaultConfigurationName = Release;
		};
		048B0CAB228ECDC700791E0C /* Build configuration list for PBXNativeTarget "WatchMoviesInMVPUITests" */ = {
			isa = XCConfigurationList;
			buildConfigurations = (
				048B0CAC228ECDC700791E0C /* Debug */,
				048B0CAD228ECDC700791E0C /* Release */,
			);
			defaultConfigurationIsVisible = 0;
			defaultConfigurationName = Release;
		};
/* End XCConfigurationList section */
	};
	rootObject = 048B0C75228ECDC600791E0C /* Project object */;
}
